
Microsoft Visual Studio Solution File, Format Version 12.00
# Visual Studio Version 17
VisualStudioVersion = 17.5.33516.290
MinimumVisualStudioVersion = 10.0.40219.1
Project("{FAE04EC0-301F-11D3-BF4B-00C04F79EFBC}") = "ServerSideDataTablesInDotNetCore", "ServerSideDataTablesInDotNetCore\ServerSideDataTablesInDotNetCore.csproj", "{D3F29F09-9C15-4653-8D4F-0294C4F1E345}"
EndProject
Global
	GlobalSection(SolutionConfigurationPlatforms) = preSolution
		Debug|Any CPU = Debug|Any CPU
		Release|Any CPU = Release|Any CPU
	EndGlobalSection
	GlobalSection(ProjectConfigurationPlatforms) = postSolution
		{D3F29F09-9C15-4653-8D4F-0294C4F1E345}.Debug|Any CPU.ActiveCfg = Debug|Any CPU
		{D3F29F09-9C15-4653-8D4F-0294C4F1E345}.Debug|Any CPU.Build.0 = Debug|Any CPU
		{D3F29F09-9C15-4653-8D4F-0294C4F1E345}.Release|Any CPU.ActiveCfg = Release|Any CPU
		{D3F29F09-9C15-4653-8D4F-0294C4F1E345}.Release|Any CPU.Build.0 = Release|Any CPU
	EndGlobalSection
	GlobalSection(SolutionProperties) = preSolution
		HideSolutionNode = FALSE
	EndGlobalSection
	GlobalSection(ExtensibilityGlobals) = postSolution
		SolutionGuid = {F73B7587-DB5F-41BE-82A7-50455E54CCD7}
	EndGlobalSection
EndGlobal
